
Microsoft Visual Studio Solution File, Format Version 12.00
# Visual Studio Version 16
VisualStudioVersion = 16.0.28922.388
MinimumVisualStudioVersion = 10.0.40219.1
Project("{FAE04EC0-301F-11D3-BF4B-00C04F79EFBC}") = "Homework1", "Homework1\Homework1.csproj", "{CE600CFA-DE01-441A-898F-B74A789C6E94}"
EndProject
Global
	GlobalSection(SolutionConfigurationPlatforms) = preSolution
		Debug|Any CPU = Debug|Any CPU
		Release|Any CPU = Release|Any CPU
	EndGlobalSection
	GlobalSection(ProjectConfigurationPlatforms) = postSolution
		{CE600CFA-DE01-441A-898F-B74A789C6E94}.Debug|Any CPU.ActiveCfg = Debug|Any CPU
		{CE600CFA-DE01-441A-898F-B74A789C6E94}.Debug|Any CPU.Build.0 = Debug|Any CPU
		{CE600CFA-DE01-441A-898F-B74A789C6E94}.Release|Any CPU.ActiveCfg = Release|Any CPU
		{CE600CFA-DE01-441A-898F-B74A789C6E94}.Release|Any CPU.Build.0 = Release|Any CPU
	EndGlobalSection
	GlobalSection(SolutionProperties) = preSolution
		HideSolutionNode = FALSE
	EndGlobalSection
	GlobalSection(ExtensibilityGlobals) = postSolution
		SolutionGuid = {7F11AF40-F2C8-4EA8-BB19-3014452E6FD3}
	EndGlobalSection
EndGlobal
